
Microsoft Visual Studio Solution File, Format Version 12.00
# Visual Studio Version 17
VisualStudioVersion = 17.0.32112.339
MinimumVisualStudioVersion = 10.0.40219.1
Project("{FAE04EC0-301F-11D3-BF4B-00C04F79EFBC}") = "DuplicateEncoder", "DuplicateEncoder\DuplicateEncoder.csproj", "{72640000-7C44-44D7-940D-9EE3CCAF6561}"
EndProject
Global
	GlobalSection(SolutionConfigurationPlatforms) = preSolution
		Debug|Any CPU = Debug|Any CPU
		Release|Any CPU = Release|Any CPU
	EndGlobalSection
	GlobalSection(ProjectConfigurationPlatforms) = postSolution
		{72640000-7C44-44D7-940D-9EE3CCAF6561}.Debug|Any CPU.ActiveCfg = Debug|Any CPU
		{72640000-7C44-44D7-940D-9EE3CCAF6561}.Debug|Any CPU.Build.0 = Debug|Any CPU
		{72640000-7C44-44D7-940D-9EE3CCAF6561}.Release|Any CPU.ActiveCfg = Release|Any CPU
		{72640000-7C44-44D7-940D-9EE3CCAF6561}.Release|Any CPU.Build.0 = Release|Any CPU
	EndGlobalSection
	GlobalSection(SolutionProperties) = preSolution
		HideSolutionNode = FALSE
	EndGlobalSection
	GlobalSection(ExtensibilityGlobals) = postSolution
		SolutionGuid = {CEF9BB1F-7AE1-4A1B-A1F8-0C3D7E0D4C4E}
	EndGlobalSection
EndGlobal
